// !$*UTF8*$!
{
	archiveVersion = 1;
	classes = {
	};
	objectVersion = 77;
	objects = {

/* Begin PBXBuildFile section */
		DF269DE62FB1D5F000C7CA38 /* HuggingFace in Frameworks */ = {isa = PBXBuildFile; productRef = DF269DE52FB1D5F000C7CA38 /* HuggingFace */; };
		DF269DE92FB1D66D00C7CA38 /* Hub in Frameworks */ = {isa = PBXBuildFile; productRef = DF269DE82FB1D66D00C7CA38 /* Hub */; };
		DF269DEB2FB1D66D00C7CA38 /* Tokenizers in Frameworks */ = {isa = PBXBuildFile; productRef = DF269DEA2FB1D66D00C7CA38 /* Tokenizers */; };
		DF269DED2FB1D66D00C7CA38 /* Transformers in Frameworks */ = {isa = PBXBuildFile; productRef = DF269DEC2FB1D66D00C7CA38 /* Transformers */; };
		DF269DF02FB1D6A200C7CA38 /* MLXHuggingFace in Frameworks */ = {isa = PBXBuildFile; productRef = DF269DEF2FB1D6A200C7CA38 /* MLXHuggingFace */; };
		DF269DF22FB1D6A200C7CA38 /* MLXLMCommon in Frameworks */ = {isa = PBXBuildFile; productRef = DF269DF12FB1D6A200C7CA38 /* MLXLMCommon */; };
		DF269DF42FB1D6A200C7CA38 /* MLXVLM in Frameworks */ = {isa = PBXBuildFile; productRef = DF269DF32FB1D6A200C7CA38 /* MLXVLM */; };
/* End PBXBuildFile section */

/* Begin PBXFileReference section */
		DF269DCB2FB1D46A00C7CA38 /* AutoCamera.app */ = {isa = PBXFileReference; explicitFileType = wrapper.application; includeInIndex = 0; path = AutoCamera.app; sourceTree = BUILT_PRODUCTS_DIR; };
/* End PBXFileReference section */

/* Begin PBXFileSystemSynchronizedBuildFileExceptionSet section */
		DF269DDD2FB1D46C00C7CA38 /* Exceptions for "AutoCamera" folder in "AutoCamera" target */ = {
			isa = PBXFileSystemSynchronizedBuildFileExceptionSet;
			membershipExceptions = (
				Info.plist,
			);
			target = DF269DCA2FB1D46A00C7CA38 /* AutoCamera */;
		};
/* End PBXFileSystemSynchronizedBuildFileExceptionSet section */

/* Begin PBXFileSystemSynchronizedRootGroup section */
		DF269DCD2FB1D46A00C7CA38 /* AutoCamera */ = {
			isa = PBXFileSystemSynchronizedRootGroup;
			exceptions = (
				DF269DDD2FB1D46C00C7CA38 /* Exceptions for "AutoCamera" folder in "AutoCamera" target */,
			);
			path = AutoCamera;
			sourceTree = "<group>";
		};
/* End PBXFileSystemSynchronizedRootGroup section */

/* Begin PBXFrameworksBuildPhase section */
		DF269DC82FB1D46A00C7CA38 /* Frameworks */ = {
			isa = PBXFrameworksBuildPhase;
			buildActionMask = 2147483647;
			files = (
				DF269DF02FB1D6A200C7CA38 /* MLXHuggingFace in Frameworks */,
				DF269DE92FB1D66D00C7CA38 /* Hub in Frameworks */,
				DF269DE62FB1D5F000C7CA38 /* HuggingFace in Frameworks */,
				DF269DF42FB1D6A200C7CA38 /* MLXVLM in Frameworks */,
				DF269DED2FB1D66D00C7CA38 /* Transformers in Frameworks */,
				DF269DF22FB1D6A200C7CA38 /* MLXLMCommon in Frameworks */,
				DF269DEB2FB1D66D00C7CA38 /* Tokenizers in Frameworks */,
			);
			runOnlyForDeploymentPostprocessing = 0;
		};
/* End PBXFrameworksBuildPhase section */

/* Begin PBXGroup section */
		DF269DC22FB1D46A00C7CA38 = {
			isa = PBXGroup;
			children = (
				DF269DCD2FB1D46A00C7CA38 /* AutoCamera */,
				DF269DEE2FB1D6A200C7CA38 /* Frameworks */,
				DF269DCC2FB1D46A00C7CA38 /* Products */,
			);
			sourceTree = "<group>";
		};
		DF269DCC2FB1D46A00C7CA38 /* Products */ = {
			isa = PBXGroup;
			children = (
				DF269DCB2FB1D46A00C7CA38 /* AutoCamera.app */,
			);
			name = Products;
			sourceTree = "<group>";
		};
		DF269DEE2FB1D6A200C7CA38 /* Frameworks */ = {
			isa = PBXGroup;
			children = (
			);
			name = Frameworks;
			sourceTree = "<group>";
		};
/* End PBXGroup section */

/* Begin PBXNativeTarget section */
		DF269DCA2FB1D46A00C7CA38 /* AutoCamera */ = {
			isa = PBXNativeTarget;
			buildConfigurationList = DF269DDE2FB1D46C00C7CA38 /* Build configuration list for PBXNativeTarget "AutoCamera" */;
			buildPhases = (
				DF269DC72FB1D46A00C7CA38 /* Sources */,
				DF269DC82FB1D46A00C7CA38 /* Frameworks */,
				DF269DC92FB1D46A00C7CA38 /* Resources */,
			);
			buildRules = (
			);
			dependencies = (
			);
			fileSystemSynchronizedGroups = (
				DF269DCD2FB1D46A00C7CA38 /* AutoCamera */,
			);
			name = AutoCamera;
			packageProductDependencies = (
				DF269DE52FB1D5F000C7CA38 /* HuggingFace */,
				DF269DE82FB1D66D00C7CA38 /* Hub */,
				DF269DEA2FB1D66D00C7CA38 /* Tokenizers */,
				DF269DEC2FB1D66D00C7CA38 /* Transformers */,
				DF269DEF2FB1D6A200C7CA38 /* MLXHuggingFace */,
				DF269DF12FB1D6A200C7CA38 /* MLXLMCommon */,
				DF269DF32FB1D6A200C7CA38 /* MLXVLM */,
			);
			productName = AutoCamera;
			productReference = DF269DCB2FB1D46A00C7CA38 /* AutoCamera.app */;
			productType = "com.apple.product-type.application";
		};
/* End PBXNativeTarget section */

/* Begin PBXProject section */
		DF269DC32FB1D46A00C7CA38 /* Project object */ = {
			isa = PBXProject;
			attributes = {
				BuildIndependentTargetsInParallel = 1;
				LastSwiftUpdateCheck = 2620;
				LastUpgradeCheck = 2620;
				TargetAttributes = {
					DF269DCA2FB1D46A00C7CA38 = {
						CreatedOnToolsVersion = 26.2;
					};
				};
			};
			buildConfigurationList = DF269DC62FB1D46A00C7CA38 /* Build configuration list for PBXProject "AutoCamera" */;
			developmentRegion = en;
			hasScannedForEncodings = 0;
			knownRegions = (
				en,
				Base,
			);
			mainGroup = DF269DC22FB1D46A00C7CA38;
			minimizedProjectReferenceProxies = 1;
			packageReferences = (
				DF269DE32FB1D57100C7CA38 /* XCRemoteSwiftPackageReference "mlx-swift-lm" */,
				DF269DE42FB1D5F000C7CA38 /* XCRemoteSwiftPackageReference "swift-huggingface" */,
				DF269DE72FB1D66D00C7CA38 /* XCRemoteSwiftPackageReference "swift-transformers" */,
			);
			preferredProjectObjectVersion = 77;
			productRefGroup = DF269DCC2FB1D46A00C7CA38 /* Products */;
			projectDirPath = "";
			projectRoot = "";
			targets = (
				DF269DCA2FB1D46A00C7CA38 /* AutoCamera */,
			);
		};
/* End PBXProject section */

/* Begin PBXResourcesBuildPhase section */
		DF269DC92FB1D46A00C7CA38 /* Resources */ = {
			isa = PBXResourcesBuildPhase;
			buildActionMask = 2147483647;
			files = (
			);
			runOnlyForDeploymentPostprocessing = 0;
		};
/* End PBXResourcesBuildPhase section */

/* Begin PBXSourcesBuildPhase section */
		DF269DC72FB1D46A00C7CA38 /* Sources */ = {
			isa = PBXSourcesBuildPhase;
			buildActionMask = 2147483647;
			files = (
			);
			runOnlyForDeploymentPostprocessing = 0;
		};
/* End PBXSourcesBuildPhase section */

/* Begin XCBuildConfiguration section */
		DF269DDF2FB1D46C00C7CA38 /* Debug */ = {
			isa = XCBuildConfiguration;
			buildSettings = {
				ASSETCATALOG_COMPILER_APPICON_NAME = AppIcon;
				ASSETCATALOG_COMPILER_GLOBAL_ACCENT_COLOR_NAME = AccentColor;
				CODE_SIGN_STYLE = Automatic;
				CURRENT_PROJECT_VERSION = 1;
				DEVELOPMENT_TEAM = 2AG95DX2G9;
				GENERATE_INFOPLIST_FILE = YES;
				INFOPLIST_FILE = AutoCamera/Info.plist;
				INFOPLIST_KEY_UIApplicationSupportsIndirectInputEvents = YES;
				INFOPLIST_KEY_UILaunchStoryboardName = LaunchScreen;
				INFOPLIST_KEY_UIMainStoryboardFile = Main;
				INFOPLIST_KEY_UISupportedInterfaceOrientations_iPad = "UIInterfaceOrientationPortrait UIInterfaceOrientationPortraitUpsideDown UIInterfaceOrientationLandscapeLeft UIInterfaceOrientationLandscapeRight";
				INFOPLIST_KEY_UISupportedInterfaceOrientations_iPhone = "UIInterfaceOrientationPortrait UIInterfaceOrientationLandscapeLeft UIInterfaceOrientationLandscapeRight";
				LD_RUNPATH_SEARCH_PATHS = (
					"$(inherited)",
					"@executable_path/Frameworks",
				);
				MARKETING_VERSION = 1.0;
				PRODUCT_BUNDLE_IDENTIFIER = com.joyoki.AutoCamera;
				PRODUCT_NAME = "$(TARGET_NAME)";
				STRING_CATALOG_GENERATE_SYMBOLS = YES;
				SWIFT_APPROACHABLE_CONCURRENCY = YES;
				SWIFT_DEFAULT_ACTOR_ISOLATION = MainActor;
				SWIFT_EMIT_LOC_STRINGS = YES;
				SWIFT_UPCOMING_FEATURE_MEMBER_IMPORT_VISIBILITY = YES;
				SWIFT_VERSION = 5.0;
				TARGETED_DEVICE_FAMILY = "1,2";
			};
			name = Debug;
		};
		DF269DE02FB1D46C00C7CA38 /* Release */ = {
			isa = XCBuildConfiguration;
			buildSettings = {
				ASSETCATALOG_COMPILER_APPICON_NAME = AppIcon;
				ASSETCATALOG_COMPILER_GLOBAL_ACCENT_COLOR_NAME = AccentColor;
				CODE_SIGN_STYLE = Automatic;
				CURRENT_PROJECT_VERSION = 1;
				DEVELOPMENT_TEAM = 2AG95DX2G9;
				GENERATE_INFOPLIST_FILE = YES;
				INFOPLIST_FILE = AutoCamera/Info.plist;
				INFOPLIST_KEY_UIApplicationSupportsIndirectInputEvents = YES;
				INFOPLIST_KEY_UILaunchStoryboardName = LaunchScreen;
				INFOPLIST_KEY_UIMainStoryboardFile = Main;
				INFOPLIST_KEY_UISupportedInterfaceOrientations_iPad = "UIInterfaceOrientationPortrait UIInterfaceOrientationPortraitUpsideDown UIInterfaceOrientationLandscapeLeft UIInterfaceOrientationLandscapeRight";
				INFOPLIST_KEY_UISupportedInterfaceOrientations_iPhone = "UIInterfaceOrientationPortrait UIInterfaceOrientationLandscapeLeft UIInterfaceOrientationLandscapeRight";
				LD_RUNPATH_SEARCH_PATHS = (
					"$(inherited)",
					"@executable_path/Frameworks",
				);
				MARKETING_VERSION = 1.0;
				PRODUCT_BUNDLE_IDENTIFIER = com.joyoki.AutoCamera;
				PRODUCT_NAME = "$(TARGET_NAME)";
				STRING_CATALOG_GENERATE_SYMBOLS = YES;
				SWIFT_APPROACHABLE_CONCURRENCY = YES;
				SWIFT_DEFAULT_ACTOR_ISOLATION = MainActor;
				SWIFT_EMIT_LOC_STRINGS = YES;
				SWIFT_UPCOMING_FEATURE_MEMBER_IMPORT_VISIBILITY = YES;
				SWIFT_VERSION = 5.0;
				TARGETED_DEVICE_FAMILY = "1,2";
			};
			name = Release;
		};
		DF269DE12FB1D46C00C7CA38 /* Debug */ = {
			isa = XCBuildConfiguration;
			buildSettings = {
				ALWAYS_SEARCH_USER_PATHS = NO;
				ASSETCATALOG_COMPILER_GENERATE_SWIFT_ASSET_SYMBOL_EXTENSIONS = YES;
				CLANG_ANALYZER_NONNULL = YES;
				CLANG_ANALYZER_NUMBER_OBJECT_CONVERSION = YES_AGGRESSIVE;
				CLANG_CXX_LANGUAGE_STANDARD = "gnu++20";
				CLANG_ENABLE_MODULES = YES;
				CLANG_ENABLE_OBJC_ARC = YES;
				CLANG_ENABLE_OBJC_WEAK = YES;
				CLANG_WARN_BLOCK_CAPTURE_AUTORELEASING = YES;
				CLANG_WARN_BOOL_CONVERSION = YES;
				CLANG_WARN_COMMA = YES;
				CLANG_WARN_CONSTANT_CONVERSION = YES;
				CLANG_WARN_DEPRECATED_OBJC_IMPLEMENTATIONS = YES;
				CLANG_WARN_DIRECT_OBJC_ISA_USAGE = YES_ERROR;
				CLANG_WARN_DOCUMENTATION_COMMENTS = YES;
				CLANG_WARN_EMPTY_BODY = YES;
				CLANG_WARN_ENUM_CONVERSION = YES;
				CLANG_WARN_INFINITE_RECURSION = YES;
				CLANG_WARN_INT_CONVERSION = YES;
				CLANG_WARN_NON_LITERAL_NULL_CONVERSION = YES;
				CLANG_WARN_OBJC_IMPLICIT_RETAIN_SELF = YES;
				CLANG_WARN_OBJC_LITERAL_CONVERSION = YES;
				CLANG_WARN_OBJC_ROOT_CLASS = YES_ERROR;
				CLANG_WARN_QUOTED_INCLUDE_IN_FRAMEWORK_HEADER = YES;
				CLANG_WARN_RANGE_LOOP_ANALYSIS = YES;
				CLANG_WARN_STRICT_PROTOTYPES = YES;
				CLANG_WARN_SUSPICIOUS_MOVE = YES;
				CLANG_WARN_UNGUARDED_AVAILABILITY = YES_AGGRESSIVE;
				CLANG_WARN_UNREACHABLE_CODE = YES;
				CLANG_WARN__DUPLICATE_METHOD_MATCH = YES;
				COPY_PHASE_STRIP = NO;
				DEBUG_INFORMATION_FORMAT = dwarf;
				DEVELOPMENT_TEAM = 2AG95DX2G9;
				ENABLE_STRICT_OBJC_MSGSEND = YES;
				ENABLE_TESTABILITY = YES;
				ENABLE_USER_SCRIPT_SANDBOXING = YES;
				GCC_C_LANGUAGE_STANDARD = gnu17;
				GCC_DYNAMIC_NO_PIC = NO;
				GCC_NO_COMMON_BLOCKS = YES;
				GCC_OPTIMIZATION_LEVEL = 0;
				GCC_PREPROCESSOR_DEFINITIONS = (
					"DEBUG=1",
					"$(inherited)",
				);
				GCC_WARN_64_TO_32_BIT_CONVERSION = YES;
				GCC_WARN_ABOUT_RETURN_TYPE = YES_ERROR;
				GCC_WARN_UNDECLARED_SELECTOR = YES;
				GCC_WARN_UNINITIALIZED_AUTOS = YES_AGGRESSIVE;
				GCC_WARN_UNUSED_FUNCTION = YES;
				GCC_WARN_UNUSED_VARIABLE = YES;
				IPHONEOS_DEPLOYMENT_TARGET = 26.2;
				LOCALIZATION_PREFERS_STRING_CATALOGS = YES;
				MTL_ENABLE_DEBUG_INFO = INCLUDE_SOURCE;
				MTL_FAST_MATH = YES;
				ONLY_ACTIVE_ARCH = YES;
				SDKROOT = iphoneos;
				SWIFT_ACTIVE_COMPILATION_CONDITIONS = "DEBUG $(inherited)";
				SWIFT_OPTIMIZATION_LEVEL = "-Onone";
			};
			name = Debug;
		};
		DF269DE22FB1D46C00C7CA38 /* Release */ = {
			isa = XCBuildConfiguration;
			buildSettings = {
				ALWAYS_SEARCH_USER_PATHS = NO;
				ASSETCATALOG_COMPILER_GENERATE_SWIFT_ASSET_SYMBOL_EXTENSIONS = YES;
				CLANG_ANALYZER_NONNULL = YES;
				CLANG_ANALYZER_NUMBER_OBJECT_CONVERSION = YES_AGGRESSIVE;
				CLANG_CXX_LANGUAGE_STANDARD = "gnu++20";
				CLANG_ENABLE_MODULES = YES;
				CLANG_ENABLE_OBJC_ARC = YES;
				CLANG_ENABLE_OBJC_WEAK = YES;
				CLANG_WARN_BLOCK_CAPTURE_AUTORELEASING = YES;
				CLANG_WARN_BOOL_CONVERSION = YES;
				CLANG_WARN_COMMA = YES;
				CLANG_WARN_CONSTANT_CONVERSION = YES;
				CLANG_WARN_DEPRECATED_OBJC_IMPLEMENTATIONS = YES;
				CLANG_WARN_DIRECT_OBJC_ISA_USAGE = YES_ERROR;
				CLANG_WARN_DOCUMENTATION_COMMENTS = YES;
				CLANG_WARN_EMPTY_BODY = YES;
				CLANG_WARN_ENUM_CONVERSION = YES;
				CLANG_WARN_INFINITE_RECURSION = YES;
				CLANG_WARN_INT_CONVERSION = YES;
				CLANG_WARN_NON_LITERAL_NULL_CONVERSION = YES;
				CLANG_WARN_OBJC_IMPLICIT_RETAIN_SELF = YES;
				CLANG_WARN_OBJC_LITERAL_CONVERSION = YES;
				CLANG_WARN_OBJC_ROOT_CLASS = YES_ERROR;
				CLANG_WARN_QUOTED_INCLUDE_IN_FRAMEWORK_HEADER = YES;
				CLANG_WARN_RANGE_LOOP_ANALYSIS = YES;
				CLANG_WARN_STRICT_PROTOTYPES = YES;
				CLANG_WARN_SUSPICIOUS_MOVE = YES;
				CLANG_WARN_UNGUARDED_AVAILABILITY = YES_AGGRESSIVE;
				CLANG_WARN_UNREACHABLE_CODE = YES;
				CLANG_WARN__DUPLICATE_METHOD_MATCH = YES;
				COPY_PHASE_STRIP = NO;
				DEBUG_INFORMATION_FORMAT = "dwarf-with-dsym";
				DEVELOPMENT_TEAM = 2AG95DX2G9;
				ENABLE_NS_ASSERTIONS = NO;
				ENABLE_STRICT_OBJC_MSGSEND = YES;
				ENABLE_USER_SCRIPT_SANDBOXING = YES;
				GCC_C_LANGUAGE_STANDARD = gnu17;
				GCC_NO_COMMON_BLOCKS = YES;
				GCC_WARN_64_TO_32_BIT_CONVERSION = YES;
				GCC_WARN_ABOUT_RETURN_TYPE = YES_ERROR;
				GCC_WARN_UNDECLARED_SELECTOR = YES;
				GCC_WARN_UNINITIALIZED_AUTOS = YES_AGGRESSIVE;
				GCC_WARN_UNUSED_FUNCTION = YES;
				GCC_WARN_UNUSED_VARIABLE = YES;
				IPHONEOS_DEPLOYMENT_TARGET = 26.2;
				LOCALIZATION_PREFERS_STRING_CATALOGS = YES;
				MTL_ENABLE_DEBUG_INFO = NO;
				MTL_FAST_MATH = YES;
				SDKROOT = iphoneos;
				SWIFT_COMPILATION_MODE = wholemodule;
				VALIDATE_PRODUCT = YES;
			};
			name = Release;
		};
/* End XCBuildConfiguration section */

/* Begin XCConfigurationList section */
		DF269DC62FB1D46A00C7CA38 /* Build configuration list for PBXProject "AutoCamera" */ = {
			isa = XCConfigurationList;
			buildConfigurations = (
				DF269DE12FB1D46C00C7CA38 /* Debug */,
				DF269DE22FB1D46C00C7CA38 /* Release */,
			);
			defaultConfigurationIsVisible = 0;
			defaultConfigurationName = Release;
		};
		DF269DDE2FB1D46C00C7CA38 /* Build configuration list for PBXNativeTarget "AutoCamera" */ = {
			isa = XCConfigurationList;
			buildConfigurations = (
				DF269DDF2FB1D46C00C7CA38 /* Debug */,
				DF269DE02FB1D46C00C7CA38 /* Release */,
			);
			defaultConfigurationIsVisible = 0;
			defaultConfigurationName = Release;
		};
/* End XCConfigurationList section */

/* Begin XCRemoteSwiftPackageReference section */
		DF269DE32FB1D57100C7CA38 /* XCRemoteSwiftPackageReference "mlx-swift-lm" */ = {
			isa = XCRemoteSwiftPackageReference;
			repositoryURL = "https://github.com/ml-explore/mlx-swift-lm";
			requirement = {
				kind = exactVersion;
				version = 3.31.3;
			};
		};
		DF269DE42FB1D5F000C7CA38 /* XCRemoteSwiftPackageReference "swift-huggingface" */ = {
			isa = XCRemoteSwiftPackageReference;
			repositoryURL = "https://github.com/huggingface/swift-huggingface";
			requirement = {
				kind = exactVersion;
				version = 0.9.0;
			};
		};
		DF269DE72FB1D66D00C7CA38 /* XCRemoteSwiftPackageReference "swift-transformers" */ = {
			isa = XCRemoteSwiftPackageReference;
			repositoryURL = "https://github.com/huggingface/swift-transformers";
			requirement = {
				kind = exactVersion;
				version = 1.3.2;
			};
		};
/* End XCRemoteSwiftPackageReference section */

/* Begin XCSwiftPackageProductDependency section */
		DF269DE52FB1D5F000C7CA38 /* HuggingFace */ = {
			isa = XCSwiftPackageProductDependency;
			package = DF269DE42FB1D5F000C7CA38 /* XCRemoteSwiftPackageReference "swift-huggingface" */;
			productName = HuggingFace;
		};
		DF269DE82FB1D66D00C7CA38 /* Hub */ = {
			isa = XCSwiftPackageProductDependency;
			package = DF269DE72FB1D66D00C7CA38 /* XCRemoteSwiftPackageReference "swift-transformers" */;
			productName = Hub;
		};
		DF269DEA2FB1D66D00C7CA38 /* Tokenizers */ = {
			isa = XCSwiftPackageProductDependency;
			package = DF269DE72FB1D66D00C7CA38 /* XCRemoteSwiftPackageReference "swift-transformers" */;
			productName = Tokenizers;
		};
		DF269DEC2FB1D66D00C7CA38 /* Transformers */ = {
			isa = XCSwiftPackageProductDependency;
			package = DF269DE72FB1D66D00C7CA38 /* XCRemoteSwiftPackageReference "swift-transformers" */;
			productName = Transformers;
		};
		DF269DEF2FB1D6A200C7CA38 /* MLXHuggingFace */ = {
			isa = XCSwiftPackageProductDependency;
			package = DF269DE32FB1D57100C7CA38 /* XCRemoteSwiftPackageReference "mlx-swift-lm" */;
			productName = MLXHuggingFace;
		};
		DF269DF12FB1D6A200C7CA38 /* MLXLMCommon */ = {
			isa = XCSwiftPackageProductDependency;
			package = DF269DE32FB1D57100C7CA38 /* XCRemoteSwiftPackageReference "mlx-swift-lm" */;
			productName = MLXLMCommon;
		};
		DF269DF32FB1D6A200C7CA38 /* MLXVLM */ = {
			isa = XCSwiftPackageProductDependency;
			package = DF269DE32FB1D57100C7CA38 /* XCRemoteSwiftPackageReference "mlx-swift-lm" */;
			productName = MLXVLM;
		};
/* End XCSwiftPackageProductDependency section */
	};
	rootObject = DF269DC32FB1D46A00C7CA38 /* Project object */;
}
